
Microsoft Visual Studio Solution File, Format Version 12.00
# Visual Studio 15
VisualStudioVersion = 15.0.27428.2043
MinimumVisualStudioVersion = 10.0.40219.1
Project("{FAE04EC0-301F-11D3-BF4B-00C04F79EFBC}") = "SEDC.PracticalAspNet.Data", "SEDC.PracticalAspNet.Data\SEDC.PracticalAspNet.Data.csproj", "{58281592-9A88-4C95-90DB-1F9A36C51CDA}"
EndProject
Project("{FAE04EC0-301F-11D3-BF4B-00C04F79EFBC}") = "SEDC.PracticalAspNet.Business", "SEDC.PracticalAspNet.Business\SEDC.PracticalAspNet.Business.csproj", "{388358A3-5CAB-4EF0-8EDD-315D96068B0D}"
EndProject
Project("{FAE04EC0-301F-11D3-BF4B-00C04F79EFBC}") = "SEDC.PracticalAspNet.MvcWebApp", "SEDC.PracticalAspNet.MvcWebApp\SEDC.PracticalAspNet.MvcWebApp.csproj", "{75400083-F201-490C-89AA-1E70DDA4E039}"
EndProject
Project("{FAE04EC0-301F-11D3-BF4B-00C04F79EFBC}") = "SEDC.PracticalAspNet.MvcWebApp.Tests", "SEDC.PracticalAspNet.MvcWebApp.Tests\SEDC.PracticalAspNet.MvcWebApp.Tests.csproj", "{F032DA0C-6A33-403F-A611-D8BA2AFB7FB8}"
EndProject
Project("{2150E333-8FDC-42A3-9474-1A3956D46DE8}") = "Documentation", "Documentation", "{D211F7B2-EFD0-4286-B4BF-8F2FEBDAED08}"
	ProjectSection(SolutionItems) = preProject
		Documentation\Practical Aspnet Specification.docx = Documentation\Practical Aspnet Specification.docx
		Documentation\Practicalimage.png = Documentation\Practicalimage.png
	EndProjectSection
EndProject
Global
	GlobalSection(SolutionConfigurationPlatforms) = preSolution
		Debug|Any CPU = Debug|Any CPU
		Release|Any CPU = Release|Any CPU
	EndGlobalSection
	GlobalSection(ProjectConfigurationPlatforms) = postSolution
		{58281592-9A88-4C95-90DB-1F9A36C51CDA}.Debug|Any CPU.ActiveCfg = Debug|Any CPU
		{58281592-9A88-4C95-90DB-1F9A36C51CDA}.Debug|Any CPU.Build.0 = Debug|Any CPU
		{58281592-9A88-4C95-90DB-1F9A36C51CDA}.Release|Any CPU.ActiveCfg = Release|Any CPU
		{58281592-9A88-4C95-90DB-1F9A36C51CDA}.Release|Any CPU.Build.0 = Release|Any CPU
		{388358A3-5CAB-4EF0-8EDD-315D96068B0D}.Debug|Any CPU.ActiveCfg = Debug|Any CPU
		{388358A3-5CAB-4EF0-8EDD-315D96068B0D}.Debug|Any CPU.Build.0 = Debug|Any CPU
		{388358A3-5CAB-4EF0-8EDD-315D96068B0D}.Release|Any CPU.ActiveCfg = Release|Any CPU
		{388358A3-5CAB-4EF0-8EDD-315D96068B0D}.Release|Any CPU.Build.0 = Release|Any CPU
		{75400083-F201-490C-89AA-1E70DDA4E039}.Debug|Any CPU.ActiveCfg = Debug|Any CPU
		{75400083-F201-490C-89AA-1E70DDA4E039}.Debug|Any CPU.Build.0 = Debug|Any CPU
		{75400083-F201-490C-89AA-1E70DDA4E039}.Release|Any CPU.ActiveCfg = Release|Any CPU
		{75400083-F201-490C-89AA-1E70DDA4E039}.Release|Any CPU.Build.0 = Release|Any CPU
		{F032DA0C-6A33-403F-A611-D8BA2AFB7FB8}.Debug|Any CPU.ActiveCfg = Debug|Any CPU
		{F032DA0C-6A33-403F-A611-D8BA2AFB7FB8}.Debug|Any CPU.Build.0 = Debug|Any CPU
		{F032DA0C-6A33-403F-A611-D8BA2AFB7FB8}.Release|Any CPU.ActiveCfg = Release|Any CPU
		{F032DA0C-6A33-403F-A611-D8BA2AFB7FB8}.Release|Any CPU.Build.0 = Release|Any CPU
	EndGlobalSection
	GlobalSection(SolutionProperties) = preSolution
		HideSolutionNode = FALSE
	EndGlobalSection
	GlobalSection(ExtensibilityGlobals) = postSolution
		SolutionGuid = {E458F6ED-D608-48D9-9106-8244822E8F41}
	EndGlobalSection
EndGlobal
